// !$*UTF8*$!
{
	archiveVersion = 1;
	classes = {
	};
	objectVersion = 48;
	objects = {

/* Begin PBXBuildFile section */
		A53E3453204909DF004E9512 /* AppDelegate.swift in Sources */ = {isa = PBXBuildFile; fileRef = A53E3452204909DF004E9512 /* AppDelegate.swift */; };
		A53E3455204909DF004E9512 /* ViewController.swift in Sources */ = {isa = PBXBuildFile; fileRef = A53E3454204909DF004E9512 /* ViewController.swift */; };
		A53E3458204909DF004E9512 /* Main.storyboard in Resources */ = {isa = PBXBuildFile; fileRef = A53E3456204909DF004E9512 /* Main.storyboard */; };
		A53E345A204909DF004E9512 /* Assets.xcassets in Resources */ = {isa = PBXBuildFile; fileRef = A53E3459204909DF004E9512 /* Assets.xcassets */; };
		A53E345D204909DF004E9512 /* LaunchScreen.storyboard in Resources */ = {isa = PBXBuildFile; fileRef = A53E345B204909DF004E9512 /* LaunchScreen.storyboard */; };
		A53E3468204909DF004E9512 /* RSSTests.swift in Sources */ = {isa = PBXBuildFile; fileRef = A53E3467204909DF004E9512 /* RSSTests.swift */; };
		A53E3473204909DF004E9512 /* RSSUITests.swift in Sources */ = {isa = PBXBuildFile; fileRef = A53E3472204909DF004E9512 /* RSSUITests.swift */; };
/* End PBXBuildFile section */

/* Begin PBXContainerItemProxy section */
		A53E3464204909DF004E9512 /* PBXContainerItemProxy */ = {
			isa = PBXContainerItemProxy;
			containerPortal = A53E3447204909DF004E9512 /* Project object */;
			proxyType = 1;
			remoteGlobalIDString = A53E344E204909DF004E9512;
			remoteInfo = RSS;
		};
		A53E346F204909DF004E9512 /* PBXContainerItemProxy */ = {
			isa = PBXContainerItemProxy;
			containerPortal = A53E3447204909DF004E9512 /* Project object */;
			proxyType = 1;
			remoteGlobalIDString = A53E344E204909DF004E9512;
			remoteInfo = RSS;
		};
/* End PBXContainerItemProxy section */

/* Begin PBXFileReference section */
		A53E344F204909DF004E9512 /* RSS.app */ = {isa = PBXFileReference; explicitFileType = wrapper.application; includeInIndex = 0; path = RSS.app; sourceTree = BUILT_PRODUCTS_DIR; };
		A53E3452204909DF004E9512 /* AppDelegate.swift */ = {isa = PBXFileReference; lastKnownFileType = sourcecode.swift; path = AppDelegate.swift; sourceTree = "<group>"; };
		A53E3454204909DF004E9512 /* ViewController.swift */ = {isa = PBXFileReference; lastKnownFileType = sourcecode.swift; path = ViewController.swift; sourceTree = "<group>"; };
		A53E3457204909DF004E9512 /* Base */ = {isa = PBXFileReference; lastKnownFileType = file.storyboard; name = Base; path = Base.lproj/Main.storyboard; sourceTree = "<group>"; };
		A53E3459204909DF004E9512 /* Assets.xcassets */ = {isa = PBXFileReference; lastKnownFileType = folder.assetcatalog; path = Assets.xcassets; sourceTree = "<group>"; };
		A53E345C204909DF004E9512 /* Base */ = {isa = PBXFileReference; lastKnownFileType = file.storyboard; name = Base; path = Base.lproj/LaunchScreen.storyboard; sourceTree = "<group>"; };
		A53E345E204909DF004E9512 /* Info.plist */ = {isa = PBXFileReference; lastKnownFileType = text.plist.xml; path = Info.plist; sourceTree = "<group>"; };
		A53E3463204909DF004E9512 /* RSSTests.xctest */ = {isa = PBXFileReference; explicitFileType = wrapper.cfbundle; includeInIndex = 0; path = RSSTests.xctest; sourceTree = BUILT_PRODUCTS_DIR; };
		A53E3467204909DF004E9512 /* RSSTests.swift */ = {isa = PBXFileReference; lastKnownFileType = sourcecode.swift; path = RSSTests.swift; sourceTree = "<group>"; };
		A53E3469204909DF004E9512 /* Info.plist */ = {isa = PBXFileReference; lastKnownFileType = text.plist.xml; path = Info.plist; sourceTree = "<group>"; };
		A53E346E204909DF004E9512 /* RSSUITests.xctest */ = {isa = PBXFileReference; explicitFileType = wrapper.cfbundle; includeInIndex = 0; path = RSSUITests.xctest; sourceTree = BUILT_PRODUCTS_DIR; };
		A53E3472204909DF004E9512 /* RSSUITests.swift */ = {isa = PBXFileReference; lastKnownFileType = sourcecode.swift; path = RSSUITests.swift; sourceTree = "<group>"; };
		A53E3474204909DF004E9512 /* Info.plist */ = {isa = PBXFileReference; lastKnownFileType = text.plist.xml; path = Info.plist; sourceTree = "<group>"; };
/* End PBXFileReference section */

/* Begin PBXFrameworksBuildPhase section */
		A53E344C204909DF004E9512 /* Frameworks */ = {
			isa = PBXFrameworksBuildPhase;
			buildActionMask = 2147483647;
			files = (
			);
			runOnlyForDeploymentPostprocessing = 0;
		};
		A53E3460204909DF004E9512 /* Frameworks */ = {
			isa = PBXFrameworksBuildPhase;
			buildActionMask = 2147483647;
			files = (
			);
			runOnlyForDeploymentPostprocessing = 0;
		};
		A53E346B204909DF004E9512 /* Frameworks */ = {
			isa = PBXFrameworksBuildPhase;
			buildActionMask = 2147483647;
			files = (
			);
			runOnlyForDeploymentPostprocessing = 0;
		};
/* End PBXFrameworksBuildPhase section */

/* Begin PBXGroup section */
		A53E3446204909DF004E9512 = {
			isa = PBXGroup;
			children = (
				A53E3451204909DF004E9512 /* RSS */,
				A53E3466204909DF004E9512 /* RSSTests */,
				A53E3471204909DF004E9512 /* RSSUITests */,
				A53E3450204909DF004E9512 /* Products */,
			);
			sourceTree = "<group>";
		};
		A53E3450204909DF004E9512 /* Products */ = {
			isa = PBXGroup;
			children = (
				A53E344F204909DF004E9512 /* RSS.app */,
				A53E3463204909DF004E9512 /* RSSTests.xctest */,
				A53E346E204909DF004E9512 /* RSSUITests.xctest */,
			);
			name = Products;
			sourceTree = "<group>";
		};
		A53E3451204909DF004E9512 /* RSS */ = {
			isa = PBXGroup;
			children = (
				A53E3452204909DF004E9512 /* AppDelegate.swift */,
				A53E3454204909DF004E9512 /* ViewController.swift */,
				A53E3456204909DF004E9512 /* Main.storyboard */,
				A53E3459204909DF004E9512 /* Assets.xcassets */,
				A53E345B204909DF004E9512 /* LaunchScreen.storyboard */,
				A53E345E204909DF004E9512 /* Info.plist */,
			);
			path = RSS;
			sourceTree = "<group>";
		};
		A53E3466204909DF004E9512 /* RSSTests */ = {
			isa = PBXGroup;
			children = (
				A53E3467204909DF004E9512 /* RSSTests.swift */,
				A53E3469204909DF004E9512 /* Info.plist */,
			);
			path = RSSTests;
			sourceTree = "<group>";
		};
		A53E3471204909DF004E9512 /* RSSUITests */ = {
			isa = PBXGroup;
			children = (
				A53E3472204909DF004E9512 /* RSSUITests.swift */,
				A53E3474204909DF004E9512 /* Info.plist */,
			);
			path = RSSUITests;
			sourceTree = "<group>";
		};
/* End PBXGroup section */

/* Begin PBXNativeTarget section */
		A53E344E204909DF004E9512 /* RSS */ = {
			isa = PBXNativeTarget;
			buildConfigurationList = A53E3477204909DF004E9512 /* Build configuration list for PBXNativeTarget "RSS" */;
			buildPhases = (
				A53E344B204909DF004E9512 /* Sources */,
				A53E344C204909DF004E9512 /* Frameworks */,
				A53E344D204909DF004E9512 /* Resources */,
			);
			buildRules = (
			);
			dependencies = (
			);
			name = RSS;
			productName = RSS;
			productReference = A53E344F204909DF004E9512 /* RSS.app */;
			productType = "com.apple.product-type.application";
		};
		A53E3462204909DF004E9512 /* RSSTests */ = {
			isa = PBXNativeTarget;
			buildConfigurationList = A53E347A204909DF004E9512 /* Build configuration list for PBXNativeTarget "RSSTests" */;
			buildPhases = (
				A53E345F204909DF004E9512 /* Sources */,
				A53E3460204909DF004E9512 /* Frameworks */,
				A53E3461204909DF004E9512 /* Resources */,
			);
			buildRules = (
			);
			dependencies = (
				A53E3465204909DF004E9512 /* PBXTargetDependency */,
			);
			name = RSSTests;
			productName = RSSTests;
			productReference = A53E3463204909DF004E9512 /* RSSTests.xctest */;
			productType = "com.apple.product-type.bundle.unit-test";
		};
		A53E346D204909DF004E9512 /* RSSUITests */ = {
			isa = PBXNativeTarget;
			buildConfigurationList = A53E347D204909DF004E9512 /* Build configuration list for PBXNativeTarget "RSSUITests" */;
			buildPhases = (
				A53E346A204909DF004E9512 /* Sources */,
				A53E346B204909DF004E9512 /* Frameworks */,
				A53E346C204909DF004E9512 /* Resources */,
			);
			buildRules = (
			);
			dependencies = (
				A53E3470204909DF004E9512 /* PBXTargetDependency */,
			);
			name = RSSUITests;
			productName = RSSUITests;
			productReference = A53E346E204909DF004E9512 /* RSSUITests.xctest */;
			productType = "com.apple.product-type.bundle.ui-testing";
		};
/* End PBXNativeTarget section */

/* Begin PBXProject section */
		A53E3447204909DF004E9512 /* Project object */ = {
			isa = PBXProject;
			attributes = {
				LastSwiftUpdateCheck = 0920;
				LastUpgradeCheck = 0920;
				ORGANIZATIONNAME = "西川和希";
				TargetAttributes = {
					A53E344E204909DF004E9512 = {
						CreatedOnToolsVersion = 9.2;
						ProvisioningStyle = Automatic;
					};
					A53E3462204909DF004E9512 = {
						CreatedOnToolsVersion = 9.2;
						ProvisioningStyle = Automatic;
						TestTargetID = A53E344E204909DF004E9512;
					};
					A53E346D204909DF004E9512 = {
						CreatedOnToolsVersion = 9.2;
						ProvisioningStyle = Automatic;
						TestTargetID = A53E344E204909DF004E9512;
					};
				};
			};
			buildConfigurationList = A53E344A204909DF004E9512 /* Build configuration list for PBXProject "RSS" */;
			compatibilityVersion = "Xcode 8.0";
			developmentRegion = en;
			hasScannedForEncodings = 0;
			knownRegions = (
				en,
				Base,
			);
			mainGroup = A53E3446204909DF004E9512;
			productRefGroup = A53E3450204909DF004E9512 /* Products */;
			projectDirPath = "";
			projectRoot = "";
			targets = (
				A53E344E204909DF004E9512 /* RSS */,
				A53E3462204909DF004E9512 /* RSSTests */,
				A53E346D204909DF004E9512 /* RSSUITests */,
			);
		};
/* End PBXProject section */

/* Begin PBXResourcesBuildPhase section */
		A53E344D204909DF004E9512 /* Resources */ = {
			isa = PBXResourcesBuildPhase;
			buildActionMask = 2147483647;
			files = (
				A53E345D204909DF004E9512 /* LaunchScreen.storyboard in Resources */,
				A53E345A204909DF004E9512 /* Assets.xcassets in Resources */,
				A53E3458204909DF004E9512 /* Main.storyboard in Resources */,
			);
			runOnlyForDeploymentPostprocessing = 0;
		};
		A53E3461204909DF004E9512 /* Resources */ = {
			isa = PBXResourcesBuildPhase;
			buildActionMask = 2147483647;
			files = (
			);
			runOnlyForDeploymentPostprocessing = 0;
		};
		A53E346C204909DF004E9512 /* Resources */ = {
			isa = PBXResourcesBuildPhase;
			buildActionMask = 2147483647;
			files = (
			);
			runOnlyForDeploymentPostprocessing = 0;
		};
/* End PBXResourcesBuildPhase section */

/* Begin PBXSourcesBuildPhase section */
		A53E344B204909DF004E9512 /* Sources */ = {
			isa = PBXSourcesBuildPhase;
			buildActionMask = 2147483647;
			files = (
				A53E3455204909DF004E9512 /* ViewController.swift in Sources */,
				A53E3453204909DF004E9512 /* AppDelegate.swift in Sources */,
			);
			runOnlyForDeploymentPostprocessing = 0;
		};
		A53E345F204909DF004E9512 /* Sources */ = {
			isa = PBXSourcesBuildPhase;
			buildActionMask = 2147483647;
			files = (
				A53E3468204909DF004E9512 /* RSSTests.swift in Sources */,
			);
			runOnlyForDeploymentPostprocessing = 0;
		};
		A53E346A204909DF004E9512 /* Sources */ = {
			isa = PBXSourcesBuildPhase;
			buildActionMask = 2147483647;
			files = (
				A53E3473204909DF004E9512 /* RSSUITests.swift in Sources */,
			);
			runOnlyForDeploymentPostprocessing = 0;
		};
/* End PBXSourcesBuildPhase section */

/* Begin PBXTargetDependency section */
		A53E3465204909DF004E9512 /* PBXTargetDependency */ = {
			isa = PBXTargetDependency;
			target = A53E344E204909DF004E9512 /* RSS */;
			targetProxy = A53E3464204909DF004E9512 /* PBXContainerItemProxy */;
		};
		A53E3470204909DF004E9512 /* PBXTargetDependency */ = {
			isa = PBXTargetDependency;
			target = A53E344E204909DF004E9512 /* RSS */;
			targetProxy = A53E346F204909DF004E9512 /* PBXContainerItemProxy */;
		};
/* End PBXTargetDependency section */

/* Begin PBXVariantGroup section */
		A53E3456204909DF004E9512 /* Main.storyboard */ = {
			isa = PBXVariantGroup;
			children = (
				A53E3457204909DF004E9512 /* Base */,
			);
			name = Main.storyboard;
			sourceTree = "<group>";
		};
		A53E345B204909DF004E9512 /* LaunchScreen.storyboard */ = {
			isa = PBXVariantGroup;
			children = (
				A53E345C204909DF004E9512 /* Base */,
			);
			name = LaunchScreen.storyboard;
			sourceTree = "<group>";
		};
/* End PBXVariantGroup section */

/* Begin XCBuildConfiguration section */
		A53E3475204909DF004E9512 /* Debug */ = {
			isa = XCBuildConfiguration;
			buildSettings = {
				ALWAYS_SEARCH_USER_PATHS = NO;
				CLANG_ANALYZER_NONNULL = YES;
				CLANG_ANALYZER_NUMBER_OBJECT_CONVERSION = YES_AGGRESSIVE;
				CLANG_CXX_LANGUAGE_STANDARD = "gnu++14";
				CLANG_CXX_LIBRARY = "libc++";
				CLANG_ENABLE_MODULES = YES;
				CLANG_ENABLE_OBJC_ARC = YES;
				CLANG_WARN_BLOCK_CAPTURE_AUTORELEASING = YES;
				CLANG_WARN_BOOL_CONVERSION = YES;
				CLANG_WARN_COMMA = YES;
				CLANG_WARN_CONSTANT_CONVERSION = YES;
				CLANG_WARN_DIRECT_OBJC_ISA_USAGE = YES_ERROR;
				CLANG_WARN_DOCUMENTATION_COMMENTS = YES;
				CLANG_WARN_EMPTY_BODY = YES;
				CLANG_WARN_ENUM_CONVERSION = YES;
				CLANG_WARN_INFINITE_RECURSION = YES;
				CLANG_WARN_INT_CONVERSION = YES;
				CLANG_WARN_NON_LITERAL_NULL_CONVERSION = YES;
				CLANG_WARN_OBJC_LITERAL_CONVERSION = YES;
				CLANG_WARN_OBJC_ROOT_CLASS = YES_ERROR;
				CLANG_WARN_RANGE_LOOP_ANALYSIS = YES;
				CLANG_WARN_STRICT_PROTOTYPES = YES;
				CLANG_WARN_SUSPICIOUS_MOVE = YES;
				CLANG_WARN_UNGUARDED_AVAILABILITY = YES_AGGRESSIVE;
				CLANG_WARN_UNREACHABLE_CODE = YES;
				CLANG_WARN__DUPLICATE_METHOD_MATCH = YES;
				CODE_SIGN_IDENTITY = "iPhone Developer";
				COPY_PHASE_STRIP = NO;
				DEBUG_INFORMATION_FORMAT = dwarf;
				ENABLE_STRICT_OBJC_MSGSEND = YES;
				ENABLE_TESTABILITY = YES;
				GCC_C_LANGUAGE_STANDARD = gnu11;
				GCC_DYNAMIC_NO_PIC = NO;
				GCC_NO_COMMON_BLOCKS = YES;
				GCC_OPTIMIZATION_LEVEL = 0;
				GCC_PREPROCESSOR_DEFINITIONS = (
					"DEBUG=1",
					"$(inherited)",
				);
				GCC_WARN_64_TO_32_BIT_CONVERSION = YES;
				GCC_WARN_ABOUT_RETURN_TYPE = YES_ERROR;
				GCC_WARN_UNDECLARED_SELECTOR = YES;
				GCC_WARN_UNINITIALIZED_AUTOS = YES_AGGRESSIVE;
				GCC_WARN_UNUSED_FUNCTION = YES;
				GCC_WARN_UNUSED_VARIABLE = YES;
				IPHONEOS_DEPLOYMENT_TARGET = 11.2;
				MTL_ENABLE_DEBUG_INFO = YES;
				ONLY_ACTIVE_ARCH = YES;
				SDKROOT = iphoneos;
				SWIFT_ACTIVE_COMPILATION_CONDITIONS = DEBUG;
				SWIFT_OPTIMIZATION_LEVEL = "-Onone";
			};
			name = Debug;
		};
		A53E3476204909DF004E9512 /* Release */ = {
			isa = XCBuildConfiguration;
			buildSettings = {
				ALWAYS_SEARCH_USER_PATHS = NO;
				CLANG_ANALYZER_NONNULL = YES;
				CLANG_ANALYZER_NUMBER_OBJECT_CONVERSION = YES_AGGRESSIVE;
				CLANG_CXX_LANGUAGE_STANDARD = "gnu++14";
				CLANG_CXX_LIBRARY = "libc++";
				CLANG_ENABLE_MODULES = YES;
				CLANG_ENABLE_OBJC_ARC = YES;
				CLANG_WARN_BLOCK_CAPTURE_AUTORELEASING = YES;
				CLANG_WARN_BOOL_CONVERSION = YES;
				CLANG_WARN_COMMA = YES;
				CLANG_WARN_CONSTANT_CONVERSION = YES;
				CLANG_WARN_DIRECT_OBJC_ISA_USAGE = YES_ERROR;
				CLANG_WARN_DOCUMENTATION_COMMENTS = YES;
				CLANG_WARN_EMPTY_BODY = YES;
				CLANG_WARN_ENUM_CONVERSION = YES;
				CLANG_WARN_INFINITE_RECURSION = YES;
				CLANG_WARN_INT_CONVERSION = YES;
				CLANG_WARN_NON_LITERAL_NULL_CONVERSION = YES;
				CLANG_WARN_OBJC_LITERAL_CONVERSION = YES;
				CLANG_WARN_OBJC_ROOT_CLASS = YES_ERROR;
				CLANG_WARN_RANGE_LOOP_ANALYSIS = YES;
				CLANG_WARN_STRICT_PROTOTYPES = YES;
				CLANG_WARN_SUSPICIOUS_MOVE = YES;
				CLANG_WARN_UNGUARDED_AVAILABILITY = YES_AGGRESSIVE;
				CLANG_WARN_UNREACHABLE_CODE = YES;
				CLANG_WARN__DUPLICATE_METHOD_MATCH = YES;
				CODE_SIGN_IDENTITY = "iPhone Developer";
				COPY_PHASE_STRIP = NO;
				DEBUG_INFORMATION_FORMAT = "dwarf-with-dsym";
				ENABLE_NS_ASSERTIONS = NO;
				ENABLE_STRICT_OBJC_MSGSEND = YES;
				GCC_C_LANGUAGE_STANDARD = gnu11;
				GCC_NO_COMMON_BLOCKS = YES;
				GCC_WARN_64_TO_32_BIT_CONVERSION = YES;
				GCC_WARN_ABOUT_RETURN_TYPE = YES_ERROR;
				GCC_WARN_UNDECLARED_SELECTOR = YES;
				GCC_WARN_UNINITIALIZED_AUTOS = YES_AGGRESSIVE;
				GCC_WARN_UNUSED_FUNCTION = YES;
				GCC_WARN_UNUSED_VARIABLE = YES;
				IPHONEOS_DEPLOYMENT_TARGET = 11.2;
				MTL_ENABLE_DEBUG_INFO = NO;
				SDKROOT = iphoneos;
				SWIFT_OPTIMIZATION_LEVEL = "-Owholemodule";
				VALIDATE_PRODUCT = YES;
			};
			name = Release;
		};
		A53E3478204909DF004E9512 /* Debug */ = {
			isa = XCBuildConfiguration;
			buildSettings = {
				ASSETCATALOG_COMPILER_APPICON_NAME = AppIcon;
				CODE_SIGN_STYLE = Automatic;
				DEVELOPMENT_TEAM = 5ERY85T456;
				INFOPLIST_FILE = RSS/Info.plist;
				LD_RUNPATH_SEARCH_PATHS = "$(inherited) @executable_path/Frameworks";
				PRODUCT_BUNDLE_IDENTIFIER = NishikawaKazuki.RSS;
				PRODUCT_NAME = "$(TARGET_NAME)";
				SWIFT_VERSION = 4.0;
				TARGETED_DEVICE_FAMILY = "1,2";
			};
			name = Debug;
		};
		A53E3479204909DF004E9512 /* Release */ = {
			isa = XCBuildConfiguration;
			buildSettings = {
				ASSETCATALOG_COMPILER_APPICON_NAME = AppIcon;
				CODE_SIGN_STYLE = Automatic;
				DEVELOPMENT_TEAM = 5ERY85T456;
				INFOPLIST_FILE = RSS/Info.plist;
				LD_RUNPATH_SEARCH_PATHS = "$(inherited) @executable_path/Frameworks";
				PRODUCT_BUNDLE_IDENTIFIER = NishikawaKazuki.RSS;
				PRODUCT_NAME = "$(TARGET_NAME)";
				SWIFT_VERSION = 4.0;
				TARGETED_DEVICE_FAMILY = "1,2";
			};
			name = Release;
		};
		A53E347B204909DF004E9512 /* Debug */ = {
			isa = XCBuildConfiguration;
			buildSettings = {
				ALWAYS_EMBED_SWIFT_STANDARD_LIBRARIES = YES;
				BUNDLE_LOADER = "$(TEST_HOST)";
				CODE_SIGN_STYLE = Automatic;
				INFOPLIST_FILE = RSSTests/Info.plist;
				LD_RUNPATH_SEARCH_PATHS = "$(inherited) @executable_path/Frameworks @loader_path/Frameworks";
				PRODUCT_BUNDLE_IDENTIFIER = NishikawaKazuki.RSSTests;
				PRODUCT_NAME = "$(TARGET_NAME)";
				SWIFT_VERSION = 4.0;
				TARGETED_DEVICE_FAMILY = "1,2";
				TEST_HOST = "$(BUILT_PRODUCTS_DIR)/RSS.app/RSS";
			};
			name = Debug;
		};
		A53E347C204909DF004E9512 /* Release */ = {
			isa = XCBuildConfiguration;
			buildSettings = {
				ALWAYS_EMBED_SWIFT_STANDARD_LIBRARIES = YES;
				BUNDLE_LOADER = "$(TEST_HOST)";
				CODE_SIGN_STYLE = Automatic;
				INFOPLIST_FILE = RSSTests/Info.plist;
				LD_RUNPATH_SEARCH_PATHS = "$(inherited) @executable_path/Frameworks @loader_path/Frameworks";
				PRODUCT_BUNDLE_IDENTIFIER = NishikawaKazuki.RSSTests;
				PRODUCT_NAME = "$(TARGET_NAME)";
				SWIFT_VERSION = 4.0;
				TARGETED_DEVICE_FAMILY = "1,2";
				TEST_HOST = "$(BUILT_PRODUCTS_DIR)/RSS.app/RSS";
			};
			name = Release;
		};
		A53E347E204909DF004E9512 /* Debug */ = {
			isa = XCBuildConfiguration;
			buildSettings = {
				ALWAYS_EMBED_SWIFT_STANDARD_LIBRARIES = YES;
				CODE_SIGN_STYLE = Automatic;
				INFOPLIST_FILE = RSSUITests/Info.plist;
				LD_RUNPATH_SEARCH_PATHS = "$(inherited) @executable_path/Frameworks @loader_path/Frameworks";
				PRODUCT_BUNDLE_IDENTIFIER = NishikawaKazuki.RSSUITests;
				PRODUCT_NAME = "$(TARGET_NAME)";
				SWIFT_VERSION = 4.0;
				TARGETED_DEVICE_FAMILY = "1,2";
				TEST_TARGET_NAME = RSS;
			};
			name = Debug;
		};
		A53E347F204909DF004E9512 /* Release */ = {
			isa = XCBuildConfiguration;
			buildSettings = {
				ALWAYS_EMBED_SWIFT_STANDARD_LIBRARIES = YES;
				CODE_SIGN_STYLE = Automatic;
				INFOPLIST_FILE = RSSUITests/Info.plist;
				LD_RUNPATH_SEARCH_PATHS = "$(inherited) @executable_path/Frameworks @loader_path/Frameworks";
				PRODUCT_BUNDLE_IDENTIFIER = NishikawaKazuki.RSSUITests;
				PRODUCT_NAME = "$(TARGET_NAME)";
				SWIFT_VERSION = 4.0;
				TARGETED_DEVICE_FAMILY = "1,2";
				TEST_TARGET_NAME = RSS;
			};
			name = Release;
		};
/* End XCBuildConfiguration section */

/* Begin XCConfigurationList section */
		A53E344A204909DF004E9512 /* Build configuration list for PBXProject "RSS" */ = {
			isa = XCConfigurationList;
			buildConfigurations = (
				A53E3475204909DF004E9512 /* Debug */,
				A53E3476204909DF004E9512 /* Release */,
			);
			defaultConfigurationIsVisible = 0;
			defaultConfigurationName = Release;
		};
		A53E3477204909DF004E9512 /* Build configuration list for PBXNativeTarget "RSS" */ = {
			isa = XCConfigurationList;
			buildConfigurations = (
				A53E3478204909DF004E9512 /* Debug */,
				A53E3479204909DF004E9512 /* Release */,
			);
			defaultConfigurationIsVisible = 0;
			defaultConfigurationName = Release;
		};
		A53E347A204909DF004E9512 /* Build configuration list for PBXNativeTarget "RSSTests" */ = {
			isa = XCConfigurationList;
			buildConfigurations = (
				A53E347B204909DF004E9512 /* Debug */,
				A53E347C204909DF004E9512 /* Release */,
			);
			defaultConfigurationIsVisible = 0;
			defaultConfigurationName = Release;
		};
		A53E347D204909DF004E9512 /* Build configuration list for PBXNativeTarget "RSSUITests" */ = {
			isa = XCConfigurationList;
			buildConfigurations = (
				A53E347E204909DF004E9512 /* Debug */,
				A53E347F204909DF004E9512 /* Release */,
			);
			defaultConfigurationIsVisible = 0;
			defaultConfigurationName = Release;
		};
/* End XCConfigurationList section */
	};
	rootObject = A53E3447204909DF004E9512 /* Project object */;
}
